
Microsoft Visual Studio Solution File, Format Version 12.00
# Visual Studio 15
VisualStudioVersion = 15.0.28307.757
MinimumVisualStudioVersion = 10.0.40219.1
Project("{FAE04EC0-301F-11D3-BF4B-00C04F79EFBC}") = "BDD.CadastroTeste.Specs", "BDD.CadastroTeste.Specs\BDD.CadastroTeste.Specs.csproj", "{CC01ED59-1372-462B-A7D5-81087142896F}"
EndProject
Global
	GlobalSection(SolutionConfigurationPlatforms) = preSolution
		Debug|Any CPU = Debug|Any CPU
		Release|Any CPU = Release|Any CPU
	EndGlobalSection
	GlobalSection(ProjectConfigurationPlatforms) = postSolution
		{CC01ED59-1372-462B-A7D5-81087142896F}.Debug|Any CPU.ActiveCfg = Debug|Any CPU
		{CC01ED59-1372-462B-A7D5-81087142896F}.Debug|Any CPU.Build.0 = Debug|Any CPU
		{CC01ED59-1372-462B-A7D5-81087142896F}.Release|Any CPU.ActiveCfg = Release|Any CPU
		{CC01ED59-1372-462B-A7D5-81087142896F}.Release|Any CPU.Build.0 = Release|Any CPU
	EndGlobalSection
	GlobalSection(SolutionProperties) = preSolution
		HideSolutionNode = FALSE
	EndGlobalSection
	GlobalSection(ExtensibilityGlobals) = postSolution
		SolutionGuid = {EA5891BB-138D-4F2C-AF09-96B303995933}
	EndGlobalSection
EndGlobal
